// !$*UTF8*$!
{
	archiveVersion = 1;
	classes = {
	};
	objectVersion = 55;
	objects = {

/* Begin PBXBuildFile section */
		9E0133542773BD8900C5A816 /* AppDelegate.swift in Sources */ = {isa = PBXBuildFile; fileRef = 9E0133532773BD8900C5A816 /* AppDelegate.swift */; };
		9E0133562773BD8900C5A816 /* SceneDelegate.swift in Sources */ = {isa = PBXBuildFile; fileRef = 9E0133552773BD8900C5A816 /* SceneDelegate.swift */; };
		9E01335B2773BD8900C5A816 /* Main.storyboard in Resources */ = {isa = PBXBuildFile; fileRef = 9E0133592773BD8900C5A816 /* Main.storyboard */; };
		9E01335D2773BD8B00C5A816 /* Assets.xcassets in Resources */ = {isa = PBXBuildFile; fileRef = 9E01335C2773BD8B00C5A816 /* Assets.xcassets */; };
		9E0133602773BD8B00C5A816 /* LaunchScreen.storyboard in Resources */ = {isa = PBXBuildFile; fileRef = 9E01335E2773BD8B00C5A816 /* LaunchScreen.storyboard */; };
		9E01336B2773BD8B00C5A816 /* TrendyolCloneTests.swift in Sources */ = {isa = PBXBuildFile; fileRef = 9E01336A2773BD8B00C5A816 /* TrendyolCloneTests.swift */; };
		9E0133752773BD8B00C5A816 /* TrendyolCloneUITests.swift in Sources */ = {isa = PBXBuildFile; fileRef = 9E0133742773BD8B00C5A816 /* TrendyolCloneUITests.swift */; };
		9E0133772773BD8B00C5A816 /* TrendyolCloneUITestsLaunchTests.swift in Sources */ = {isa = PBXBuildFile; fileRef = 9E0133762773BD8B00C5A816 /* TrendyolCloneUITestsLaunchTests.swift */; };
		9E0133882773BEF100C5A816 /* SalesVC.swift in Sources */ = {isa = PBXBuildFile; fileRef = 9E0133872773BEF100C5A816 /* SalesVC.swift */; };
		9E0133922773C04C00C5A816 /* SalesTableViewCell.swift in Sources */ = {isa = PBXBuildFile; fileRef = 9E0133902773C04C00C5A816 /* SalesTableViewCell.swift */; };
		9E0133932773C04C00C5A816 /* SalesTableViewCell.xib in Resources */ = {isa = PBXBuildFile; fileRef = 9E0133912773C04C00C5A816 /* SalesTableViewCell.xib */; };
		9E0133982773C1A100C5A816 /* Sales.swift in Sources */ = {isa = PBXBuildFile; fileRef = 9E0133972773C1A100C5A816 /* Sales.swift */; };
		9E01339A2773CAAB00C5A816 /* MyAccountVC.swift in Sources */ = {isa = PBXBuildFile; fileRef = 9E0133992773CAAA00C5A816 /* MyAccountVC.swift */; };
		9E01339E2773CE0500C5A816 /* AccountTableViewCell.swift in Sources */ = {isa = PBXBuildFile; fileRef = 9E01339C2773CE0500C5A816 /* AccountTableViewCell.swift */; };
		9E01339F2773CE0500C5A816 /* AccountTableViewCell.xib in Resources */ = {isa = PBXBuildFile; fileRef = 9E01339D2773CE0500C5A816 /* AccountTableViewCell.xib */; };
		9E0133A22773D01400C5A816 /* Account.swift in Sources */ = {isa = PBXBuildFile; fileRef = 9E0133A12773D01400C5A816 /* Account.swift */; };
		9E0133A42773D7EB00C5A816 /* SelfServiceVC.swift in Sources */ = {isa = PBXBuildFile; fileRef = 9E0133A32773D7EA00C5A816 /* SelfServiceVC.swift */; };
		9E0133A72773D87500C5A816 /* SelfService.swift in Sources */ = {isa = PBXBuildFile; fileRef = 9E0133A62773D87500C5A816 /* SelfService.swift */; };
		9E0133AC2773DA9A00C5A816 /* SelfServiceCollectionViewCell.swift in Sources */ = {isa = PBXBuildFile; fileRef = 9E0133AA2773DA9A00C5A816 /* SelfServiceCollectionViewCell.swift */; };
		9E0133AD2773DA9A00C5A816 /* SelfServiceCollectionViewCell.xib in Resources */ = {isa = PBXBuildFile; fileRef = 9E0133AB2773DA9A00C5A816 /* SelfServiceCollectionViewCell.xib */; };
/* End PBXBuildFile section */

/* Begin PBXContainerItemProxy section */
		9E0133672773BD8B00C5A816 /* PBXContainerItemProxy */ = {
			isa = PBXContainerItemProxy;
			containerPortal = 9E0133482773BD8900C5A816 /* Project object */;
			proxyType = 1;
			remoteGlobalIDString = 9E01334F2773BD8900C5A816;
			remoteInfo = TrendyolClone;
		};
		9E0133712773BD8B00C5A816 /* PBXContainerItemProxy */ = {
			isa = PBXContainerItemProxy;
			containerPortal = 9E0133482773BD8900C5A816 /* Project object */;
			proxyType = 1;
			remoteGlobalIDString = 9E01334F2773BD8900C5A816;
			remoteInfo = TrendyolClone;
		};
/* End PBXContainerItemProxy section */

/* Begin PBXFileReference section */
		9E0133502773BD8900C5A816 /* TrendyolClone.app */ = {isa = PBXFileReference; explicitFileType = wrapper.application; includeInIndex = 0; path = TrendyolClone.app; sourceTree = BUILT_PRODUCTS_DIR; };
		9E0133532773BD8900C5A816 /* AppDelegate.swift */ = {isa = PBXFileReference; lastKnownFileType = sourcecode.swift; path = AppDelegate.swift; sourceTree = "<group>"; };
		9E0133552773BD8900C5A816 /* SceneDelegate.swift */ = {isa = PBXFileReference; lastKnownFileType = sourcecode.swift; path = SceneDelegate.swift; sourceTree = "<group>"; };
		9E01335A2773BD8900C5A816 /* Base */ = {isa = PBXFileReference; lastKnownFileType = file.storyboard; name = Base; path = Base.lproj/Main.storyboard; sourceTree = "<group>"; };
		9E01335C2773BD8B00C5A816 /* Assets.xcassets */ = {isa = PBXFileReference; lastKnownFileType = folder.assetcatalog; path = Assets.xcassets; sourceTree = "<group>"; };
		9E01335F2773BD8B00C5A816 /* Base */ = {isa = PBXFileReference; lastKnownFileType = file.storyboard; name = Base; path = Base.lproj/LaunchScreen.storyboard; sourceTree = "<group>"; };
		9E0133612773BD8B00C5A816 /* Info.plist */ = {isa = PBXFileReference; lastKnownFileType = text.plist.xml; path = Info.plist; sourceTree = "<group>"; };
		9E0133662773BD8B00C5A816 /* TrendyolCloneTests.xctest */ = {isa = PBXFileReference; explicitFileType = wrapper.cfbundle; includeInIndex = 0; path = TrendyolCloneTests.xctest; sourceTree = BUILT_PRODUCTS_DIR; };
		9E01336A2773BD8B00C5A816 /* TrendyolCloneTests.swift */ = {isa = PBXFileReference; lastKnownFileType = sourcecode.swift; path = TrendyolCloneTests.swift; sourceTree = "<group>"; };
		9E0133702773BD8B00C5A816 /* TrendyolCloneUITests.xctest */ = {isa = PBXFileReference; explicitFileType = wrapper.cfbundle; includeInIndex = 0; path = TrendyolCloneUITests.xctest; sourceTree = BUILT_PRODUCTS_DIR; };
		9E0133742773BD8B00C5A816 /* TrendyolCloneUITests.swift */ = {isa = PBXFileReference; lastKnownFileType = sourcecode.swift; path = TrendyolCloneUITests.swift; sourceTree = "<group>"; };
		9E0133762773BD8B00C5A816 /* TrendyolCloneUITestsLaunchTests.swift */ = {isa = PBXFileReference; lastKnownFileType = sourcecode.swift; path = TrendyolCloneUITestsLaunchTests.swift; sourceTree = "<group>"; };
		9E0133872773BEF100C5A816 /* SalesVC.swift */ = {isa = PBXFileReference; lastKnownFileType = sourcecode.swift; path = SalesVC.swift; sourceTree = "<group>"; };
		9E0133902773C04C00C5A816 /* SalesTableViewCell.swift */ = {isa = PBXFileReference; lastKnownFileType = sourcecode.swift; path = SalesTableViewCell.swift; sourceTree = "<group>"; };
		9E0133912773C04C00C5A816 /* SalesTableViewCell.xib */ = {isa = PBXFileReference; lastKnownFileType = file.xib; path = SalesTableViewCell.xib; sourceTree = "<group>"; };
		9E0133972773C1A100C5A816 /* Sales.swift */ = {isa = PBXFileReference; lastKnownFileType = sourcecode.swift; path = Sales.swift; sourceTree = "<group>"; };
		9E0133992773CAAA00C5A816 /* MyAccountVC.swift */ = {isa = PBXFileReference; lastKnownFileType = sourcecode.swift; path = MyAccountVC.swift; sourceTree = "<group>"; };
		9E01339C2773CE0500C5A816 /* AccountTableViewCell.swift */ = {isa = PBXFileReference; lastKnownFileType = sourcecode.swift; path = AccountTableViewCell.swift; sourceTree = "<group>"; };
		9E01339D2773CE0500C5A816 /* AccountTableViewCell.xib */ = {isa = PBXFileReference; lastKnownFileType = file.xib; path = AccountTableViewCell.xib; sourceTree = "<group>"; };
		9E0133A12773D01400C5A816 /* Account.swift */ = {isa = PBXFileReference; lastKnownFileType = sourcecode.swift; path = Account.swift; sourceTree = "<group>"; };
		9E0133A32773D7EA00C5A816 /* SelfServiceVC.swift */ = {isa = PBXFileReference; lastKnownFileType = sourcecode.swift; path = SelfServiceVC.swift; sourceTree = "<group>"; };
		9E0133A62773D87500C5A816 /* SelfService.swift */ = {isa = PBXFileReference; lastKnownFileType = sourcecode.swift; path = SelfService.swift; sourceTree = "<group>"; };
		9E0133AA2773DA9A00C5A816 /* SelfServiceCollectionViewCell.swift */ = {isa = PBXFileReference; lastKnownFileType = sourcecode.swift; path = SelfServiceCollectionViewCell.swift; sourceTree = "<group>"; };
		9E0133AB2773DA9A00C5A816 /* SelfServiceCollectionViewCell.xib */ = {isa = PBXFileReference; lastKnownFileType = file.xib; path = SelfServiceCollectionViewCell.xib; sourceTree = "<group>"; };
/* End PBXFileReference section */

/* Begin PBXFrameworksBuildPhase section */
		9E01334D2773BD8900C5A816 /* Frameworks */ = {
			isa = PBXFrameworksBuildPhase;
			buildActionMask = 2147483647;
			files = (
			);
			runOnlyForDeploymentPostprocessing = 0;
		};
		9E0133632773BD8B00C5A816 /* Frameworks */ = {
			isa = PBXFrameworksBuildPhase;
			buildActionMask = 2147483647;
			files = (
			);
			runOnlyForDeploymentPostprocessing = 0;
		};
		9E01336D2773BD8B00C5A816 /* Frameworks */ = {
			isa = PBXFrameworksBuildPhase;
			buildActionMask = 2147483647;
			files = (
			);
			runOnlyForDeploymentPostprocessing = 0;
		};
/* End PBXFrameworksBuildPhase section */

/* Begin PBXGroup section */
		9E0133472773BD8900C5A816 = {
			isa = PBXGroup;
			children = (
				9E0133522773BD8900C5A816 /* TrendyolClone */,
				9E0133692773BD8B00C5A816 /* TrendyolCloneTests */,
				9E0133732773BD8B00C5A816 /* TrendyolCloneUITests */,
				9E0133512773BD8900C5A816 /* Products */,
			);
			sourceTree = "<group>";
		};
		9E0133512773BD8900C5A816 /* Products */ = {
			isa = PBXGroup;
			children = (
				9E0133502773BD8900C5A816 /* TrendyolClone.app */,
				9E0133662773BD8B00C5A816 /* TrendyolCloneTests.xctest */,
				9E0133702773BD8B00C5A816 /* TrendyolCloneUITests.xctest */,
			);
			name = Products;
			sourceTree = "<group>";
		};
		9E0133522773BD8900C5A816 /* TrendyolClone */ = {
			isa = PBXGroup;
			children = (
				9E0133942773C17800C5A816 /* Model */,
				9E0133892773C00E00C5A816 /* Cell */,
				9E0133832773BEB100C5A816 /* Controller */,
				9E0133532773BD8900C5A816 /* AppDelegate.swift */,
				9E0133552773BD8900C5A816 /* SceneDelegate.swift */,
				9E0133592773BD8900C5A816 /* Main.storyboard */,
				9E01335C2773BD8B00C5A816 /* Assets.xcassets */,
				9E01335E2773BD8B00C5A816 /* LaunchScreen.storyboard */,
				9E0133612773BD8B00C5A816 /* Info.plist */,
			);
			path = TrendyolClone;
			sourceTree = "<group>";
		};
		9E0133692773BD8B00C5A816 /* TrendyolCloneTests */ = {
			isa = PBXGroup;
			children = (
				9E01336A2773BD8B00C5A816 /* TrendyolCloneTests.swift */,
			);
			path = TrendyolCloneTests;
			sourceTree = "<group>";
		};
		9E0133732773BD8B00C5A816 /* TrendyolCloneUITests */ = {
			isa = PBXGroup;
			children = (
				9E0133742773BD8B00C5A816 /* TrendyolCloneUITests.swift */,
				9E0133762773BD8B00C5A816 /* TrendyolCloneUITestsLaunchTests.swift */,
			);
			path = TrendyolCloneUITests;
			sourceTree = "<group>";
		};
		9E0133832773BEB100C5A816 /* Controller */ = {
			isa = PBXGroup;
			children = (
				9E0133862773BECC00C5A816 /* Account */,
				9E0133852773BEC600C5A816 /* SelfService */,
				9E0133842773BEBA00C5A816 /* Mainpage */,
			);
			path = Controller;
			sourceTree = "<group>";
		};
		9E0133842773BEBA00C5A816 /* Mainpage */ = {
			isa = PBXGroup;
			children = (
				9E0133872773BEF100C5A816 /* SalesVC.swift */,
			);
			path = Mainpage;
			sourceTree = "<group>";
		};
		9E0133852773BEC600C5A816 /* SelfService */ = {
			isa = PBXGroup;
			children = (
				9E0133A32773D7EA00C5A816 /* SelfServiceVC.swift */,
			);
			path = SelfService;
			sourceTree = "<group>";
		};
		9E0133862773BECC00C5A816 /* Account */ = {
			isa = PBXGroup;
			children = (
				9E0133992773CAAA00C5A816 /* MyAccountVC.swift */,
			);
			path = Account;
			sourceTree = "<group>";
		};
		9E0133892773C00E00C5A816 /* Cell */ = {
			isa = PBXGroup;
			children = (
				9E0133A92773DA5C00C5A816 /* SelfService */,
				9E01339B2773CDBC00C5A816 /* Account */,
				9E01338A2773C01400C5A816 /* Mainpage */,
			);
			path = Cell;
			sourceTree = "<group>";
		};
		9E01338A2773C01400C5A816 /* Mainpage */ = {
			isa = PBXGroup;
			children = (
				9E01338B2773C01A00C5A816 /* Sales */,
			);
			path = Mainpage;
			sourceTree = "<group>";
		};
		9E01338B2773C01A00C5A816 /* Sales */ = {
			isa = PBXGroup;
			children = (
				9E0133902773C04C00C5A816 /* SalesTableViewCell.swift */,
				9E0133912773C04C00C5A816 /* SalesTableViewCell.xib */,
			);
			path = Sales;
			sourceTree = "<group>";
		};
		9E0133942773C17800C5A816 /* Model */ = {
			isa = PBXGroup;
			children = (
				9E0133A52773D86B00C5A816 /* SelfService */,
				9E0133A02773D00800C5A816 /* Account */,
				9E0133952773C17C00C5A816 /* Mainpage */,
			);
			path = Model;
			sourceTree = "<group>";
		};
		9E0133952773C17C00C5A816 /* Mainpage */ = {
			isa = PBXGroup;
			children = (
				9E0133972773C1A100C5A816 /* Sales.swift */,
			);
			path = Mainpage;
			sourceTree = "<group>";
		};
		9E01339B2773CDBC00C5A816 /* Account */ = {
			isa = PBXGroup;
			children = (
				9E01339C2773CE0500C5A816 /* AccountTableViewCell.swift */,
				9E01339D2773CE0500C5A816 /* AccountTableViewCell.xib */,
			);
			path = Account;
			sourceTree = "<group>";
		};
		9E0133A02773D00800C5A816 /* Account */ = {
			isa = PBXGroup;
			children = (
				9E0133A12773D01400C5A816 /* Account.swift */,
			);
			path = Account;
			sourceTree = "<group>";
		};
		9E0133A52773D86B00C5A816 /* SelfService */ = {
			isa = PBXGroup;
			children = (
				9E0133A62773D87500C5A816 /* SelfService.swift */,
			);
			path = SelfService;
			sourceTree = "<group>";
		};
		9E0133A92773DA5C00C5A816 /* SelfService */ = {
			isa = PBXGroup;
			children = (
				9E0133AF2773DF0800C5A816 /* SubItem */,
				9E0133AE2773DEF900C5A816 /* MainItem */,
				9E0133AA2773DA9A00C5A816 /* SelfServiceCollectionViewCell.swift */,
				9E0133AB2773DA9A00C5A816 /* SelfServiceCollectionViewCell.xib */,
			);
			path = SelfService;
			sourceTree = "<group>";
		};
		9E0133AE2773DEF900C5A816 /* MainItem */ = {
			isa = PBXGroup;
			children = (
			);
			path = MainItem;
			sourceTree = "<group>";
		};
		9E0133AF2773DF0800C5A816 /* SubItem */ = {
			isa = PBXGroup;
			children = (
			);
			path = SubItem;
			sourceTree = "<group>";
		};
/* End PBXGroup section */

/* Begin PBXNativeTarget section */
		9E01334F2773BD8900C5A816 /* TrendyolClone */ = {
			isa = PBXNativeTarget;
			buildConfigurationList = 9E01337A2773BD8B00C5A816 /* Build configuration list for PBXNativeTarget "TrendyolClone" */;
			buildPhases = (
				9E01334C2773BD8900C5A816 /* Sources */,
				9E01334D2773BD8900C5A816 /* Frameworks */,
				9E01334E2773BD8900C5A816 /* Resources */,
			);
			buildRules = (
			);
			dependencies = (
			);
			name = TrendyolClone;
			productName = TrendyolClone;
			productReference = 9E0133502773BD8900C5A816 /* TrendyolClone.app */;
			productType = "com.apple.product-type.application";
		};
		9E0133652773BD8B00C5A816 /* TrendyolCloneTests */ = {
			isa = PBXNativeTarget;
			buildConfigurationList = 9E01337D2773BD8B00C5A816 /* Build configuration list for PBXNativeTarget "TrendyolCloneTests" */;
			buildPhases = (
				9E0133622773BD8B00C5A816 /* Sources */,
				9E0133632773BD8B00C5A816 /* Frameworks */,
				9E0133642773BD8B00C5A816 /* Resources */,
			);
			buildRules = (
			);
			dependencies = (
				9E0133682773BD8B00C5A816 /* PBXTargetDependency */,
			);
			name = TrendyolCloneTests;
			productName = TrendyolCloneTests;
			productReference = 9E0133662773BD8B00C5A816 /* TrendyolCloneTests.xctest */;
			productType = "com.apple.product-type.bundle.unit-test";
		};
		9E01336F2773BD8B00C5A816 /* TrendyolCloneUITests */ = {
			isa = PBXNativeTarget;
			buildConfigurationList = 9E0133802773BD8B00C5A816 /* Build configuration list for PBXNativeTarget "TrendyolCloneUITests" */;
			buildPhases = (
				9E01336C2773BD8B00C5A816 /* Sources */,
				9E01336D2773BD8B00C5A816 /* Frameworks */,
				9E01336E2773BD8B00C5A816 /* Resources */,
			);
			buildRules = (
			);
			dependencies = (
				9E0133722773BD8B00C5A816 /* PBXTargetDependency */,
			);
			name = TrendyolCloneUITests;
			productName = TrendyolCloneUITests;
			productReference = 9E0133702773BD8B00C5A816 /* TrendyolCloneUITests.xctest */;
			productType = "com.apple.product-type.bundle.ui-testing";
		};
/* End PBXNativeTarget section */

/* Begin PBXProject section */
		9E0133482773BD8900C5A816 /* Project object */ = {
			isa = PBXProject;
			attributes = {
				BuildIndependentTargetsInParallel = 1;
				LastSwiftUpdateCheck = 1310;
				LastUpgradeCheck = 1310;
				TargetAttributes = {
					9E01334F2773BD8900C5A816 = {
						CreatedOnToolsVersion = 13.1;
					};
					9E0133652773BD8B00C5A816 = {
						CreatedOnToolsVersion = 13.1;
						TestTargetID = 9E01334F2773BD8900C5A816;
					};
					9E01336F2773BD8B00C5A816 = {
						CreatedOnToolsVersion = 13.1;
						TestTargetID = 9E01334F2773BD8900C5A816;
					};
				};
			};
			buildConfigurationList = 9E01334B2773BD8900C5A816 /* Build configuration list for PBXProject "TrendyolClone" */;
			compatibilityVersion = "Xcode 13.0";
			developmentRegion = en;
			hasScannedForEncodings = 0;
			knownRegions = (
				en,
				Base,
			);
			mainGroup = 9E0133472773BD8900C5A816;
			productRefGroup = 9E0133512773BD8900C5A816 /* Products */;
			projectDirPath = "";
			projectRoot = "";
			targets = (
				9E01334F2773BD8900C5A816 /* TrendyolClone */,
				9E0133652773BD8B00C5A816 /* TrendyolCloneTests */,
				9E01336F2773BD8B00C5A816 /* TrendyolCloneUITests */,
			);
		};
/* End PBXProject section */

/* Begin PBXResourcesBuildPhase section */
		9E01334E2773BD8900C5A816 /* Resources */ = {
			isa = PBXResourcesBuildPhase;
			buildActionMask = 2147483647;
			files = (
				9E0133602773BD8B00C5A816 /* LaunchScreen.storyboard in Resources */,
				9E01339F2773CE0500C5A816 /* AccountTableViewCell.xib in Resources */,
				9E01335D2773BD8B00C5A816 /* Assets.xcassets in Resources */,
				9E0133932773C04C00C5A816 /* SalesTableViewCell.xib in Resources */,
				9E0133AD2773DA9A00C5A816 /* SelfServiceCollectionViewCell.xib in Resources */,
				9E01335B2773BD8900C5A816 /* Main.storyboard in Resources */,
			);
			runOnlyForDeploymentPostprocessing = 0;
		};
		9E0133642773BD8B00C5A816 /* Resources */ = {
			isa = PBXResourcesBuildPhase;
			buildActionMask = 2147483647;
			files = (
			);
			runOnlyForDeploymentPostprocessing = 0;
		};
		9E01336E2773BD8B00C5A816 /* Resources */ = {
			isa = PBXResourcesBuildPhase;
			buildActionMask = 2147483647;
			files = (
			);
			runOnlyForDeploymentPostprocessing = 0;
		};
/* End PBXResourcesBuildPhase section */

/* Begin PBXSourcesBuildPhase section */
		9E01334C2773BD8900C5A816 /* Sources */ = {
			isa = PBXSourcesBuildPhase;
			buildActionMask = 2147483647;
			files = (
				9E0133982773C1A100C5A816 /* Sales.swift in Sources */,
				9E0133882773BEF100C5A816 /* SalesVC.swift in Sources */,
				9E01339A2773CAAB00C5A816 /* MyAccountVC.swift in Sources */,
				9E0133542773BD8900C5A816 /* AppDelegate.swift in Sources */,
				9E01339E2773CE0500C5A816 /* AccountTableViewCell.swift in Sources */,
				9E0133A22773D01400C5A816 /* Account.swift in Sources */,
				9E0133922773C04C00C5A816 /* SalesTableViewCell.swift in Sources */,
				9E0133A42773D7EB00C5A816 /* SelfServiceVC.swift in Sources */,
				9E0133562773BD8900C5A816 /* SceneDelegate.swift in Sources */,
				9E0133AC2773DA9A00C5A816 /* SelfServiceCollectionViewCell.swift in Sources */,
				9E0133A72773D87500C5A816 /* SelfService.swift in Sources */,
			);
			runOnlyForDeploymentPostprocessing = 0;
		};
		9E0133622773BD8B00C5A816 /* Sources */ = {
			isa = PBXSourcesBuildPhase;
			buildActionMask = 2147483647;
			files = (
				9E01336B2773BD8B00C5A816 /* TrendyolCloneTests.swift in Sources */,
			);
			runOnlyForDeploymentPostprocessing = 0;
		};
		9E01336C2773BD8B00C5A816 /* Sources */ = {
			isa = PBXSourcesBuildPhase;
			buildActionMask = 2147483647;
			files = (
				9E0133752773BD8B00C5A816 /* TrendyolCloneUITests.swift in Sources */,
				9E0133772773BD8B00C5A816 /* TrendyolCloneUITestsLaunchTests.swift in Sources */,
			);
			runOnlyForDeploymentPostprocessing = 0;
		};
/* End PBXSourcesBuildPhase section */

/* Begin PBXTargetDependency section */
		9E0133682773BD8B00C5A816 /* PBXTargetDependency */ = {
			isa = PBXTargetDependency;
			target = 9E01334F2773BD8900C5A816 /* TrendyolClone */;
			targetProxy = 9E0133672773BD8B00C5A816 /* PBXContainerItemProxy */;
		};
		9E0133722773BD8B00C5A816 /* PBXTargetDependency */ = {
			isa = PBXTargetDependency;
			target = 9E01334F2773BD8900C5A816 /* TrendyolClone */;
			targetProxy = 9E0133712773BD8B00C5A816 /* PBXContainerItemProxy */;
		};
/* End PBXTargetDependency section */

/* Begin PBXVariantGroup section */
		9E0133592773BD8900C5A816 /* Main.storyboard */ = {
			isa = PBXVariantGroup;
			children = (
				9E01335A2773BD8900C5A816 /* Base */,
			);
			name = Main.storyboard;
			sourceTree = "<group>";
		};
		9E01335E2773BD8B00C5A816 /* LaunchScreen.storyboard */ = {
			isa = PBXVariantGroup;
			children = (
				9E01335F2773BD8B00C5A816 /* Base */,
			);
			name = LaunchScreen.storyboard;
			sourceTree = "<group>";
		};
/* End PBXVariantGroup section */

/* Begin XCBuildConfiguration section */
		9E0133782773BD8B00C5A816 /* Debug */ = {
			isa = XCBuildConfiguration;
			buildSettings = {
				ALWAYS_SEARCH_USER_PATHS = NO;
				CLANG_ANALYZER_NONNULL = YES;
				CLANG_ANALYZER_NUMBER_OBJECT_CONVERSION = YES_AGGRESSIVE;
				CLANG_CXX_LANGUAGE_STANDARD = "gnu++17";
				CLANG_CXX_LIBRARY = "libc++";
				CLANG_ENABLE_MODULES = YES;
				CLANG_ENABLE_OBJC_ARC = YES;
				CLANG_ENABLE_OBJC_WEAK = YES;
				CLANG_WARN_BLOCK_CAPTURE_AUTORELEASING = YES;
				CLANG_WARN_BOOL_CONVERSION = YES;
				CLANG_WARN_COMMA = YES;
				CLANG_WARN_CONSTANT_CONVERSION = YES;
				CLANG_WARN_DEPRECATED_OBJC_IMPLEMENTATIONS = YES;
				CLANG_WARN_DIRECT_OBJC_ISA_USAGE = YES_ERROR;
				CLANG_WARN_DOCUMENTATION_COMMENTS = YES;
				CLANG_WARN_EMPTY_BODY = YES;
				CLANG_WARN_ENUM_CONVERSION = YES;
				CLANG_WARN_INFINITE_RECURSION = YES;
				CLANG_WARN_INT_CONVERSION = YES;
				CLANG_WARN_NON_LITERAL_NULL_CONVERSION = YES;
				CLANG_WARN_OBJC_IMPLICIT_RETAIN_SELF = YES;
				CLANG_WARN_OBJC_LITERAL_CONVERSION = YES;
				CLANG_WARN_OBJC_ROOT_CLASS = YES_ERROR;
				CLANG_WARN_QUOTED_INCLUDE_IN_FRAMEWORK_HEADER = YES;
				CLANG_WARN_RANGE_LOOP_ANALYSIS = YES;
				CLANG_WARN_STRICT_PROTOTYPES = YES;
				CLANG_WARN_SUSPICIOUS_MOVE = YES;
				CLANG_WARN_UNGUARDED_AVAILABILITY = YES_AGGRESSIVE;
				CLANG_WARN_UNREACHABLE_CODE = YES;
				CLANG_WARN__DUPLICATE_METHOD_MATCH = YES;
				COPY_PHASE_STRIP = NO;
				DEBUG_INFORMATION_FORMAT = dwarf;
				ENABLE_STRICT_OBJC_MSGSEND = YES;
				ENABLE_TESTABILITY = YES;
				GCC_C_LANGUAGE_STANDARD = gnu11;
				GCC_DYNAMIC_NO_PIC = NO;
				GCC_NO_COMMON_BLOCKS = YES;
				GCC_OPTIMIZATION_LEVEL = 0;
				GCC_PREPROCESSOR_DEFINITIONS = (
					"DEBUG=1",
					"$(inherited)",
				);
				GCC_WARN_64_TO_32_BIT_CONVERSION = YES;
				GCC_WARN_ABOUT_RETURN_TYPE = YES_ERROR;
				GCC_WARN_UNDECLARED_SELECTOR = YES;
				GCC_WARN_UNINITIALIZED_AUTOS = YES_AGGRESSIVE;
				GCC_WARN_UNUSED_FUNCTION = YES;
				GCC_WARN_UNUSED_VARIABLE = YES;
				IPHONEOS_DEPLOYMENT_TARGET = 15.0;
				MTL_ENABLE_DEBUG_INFO = INCLUDE_SOURCE;
				MTL_FAST_MATH = YES;
				ONLY_ACTIVE_ARCH = YES;
				SDKROOT = iphoneos;
				SWIFT_ACTIVE_COMPILATION_CONDITIONS = DEBUG;
				SWIFT_OPTIMIZATION_LEVEL = "-Onone";
			};
			name = Debug;
		};
		9E0133792773BD8B00C5A816 /* Release */ = {
			isa = XCBuildConfiguration;
			buildSettings = {
				ALWAYS_SEARCH_USER_PATHS = NO;
				CLANG_ANALYZER_NONNULL = YES;
				CLANG_ANALYZER_NUMBER_OBJECT_CONVERSION = YES_AGGRESSIVE;
				CLANG_CXX_LANGUAGE_STANDARD = "gnu++17";
				CLANG_CXX_LIBRARY = "libc++";
				CLANG_ENABLE_MODULES = YES;
				CLANG_ENABLE_OBJC_ARC = YES;
				CLANG_ENABLE_OBJC_WEAK = YES;
				CLANG_WARN_BLOCK_CAPTURE_AUTORELEASING = YES;
				CLANG_WARN_BOOL_CONVERSION = YES;
				CLANG_WARN_COMMA = YES;
				CLANG_WARN_CONSTANT_CONVERSION = YES;
				CLANG_WARN_DEPRECATED_OBJC_IMPLEMENTATIONS = YES;
				CLANG_WARN_DIRECT_OBJC_ISA_USAGE = YES_ERROR;
				CLANG_WARN_DOCUMENTATION_COMMENTS = YES;
				CLANG_WARN_EMPTY_BODY = YES;
				CLANG_WARN_ENUM_CONVERSION = YES;
				CLANG_WARN_INFINITE_RECURSION = YES;
				CLANG_WARN_INT_CONVERSION = YES;
				CLANG_WARN_NON_LITERAL_NULL_CONVERSION = YES;
				CLANG_WARN_OBJC_IMPLICIT_RETAIN_SELF = YES;
				CLANG_WARN_OBJC_LITERAL_CONVERSION = YES;
				CLANG_WARN_OBJC_ROOT_CLASS = YES_ERROR;
				CLANG_WARN_QUOTED_INCLUDE_IN_FRAMEWORK_HEADER = YES;
				CLANG_WARN_RANGE_LOOP_ANALYSIS = YES;
				CLANG_WARN_STRICT_PROTOTYPES = YES;
				CLANG_WARN_SUSPICIOUS_MOVE = YES;
				CLANG_WARN_UNGUARDED_AVAILABILITY = YES_AGGRESSIVE;
				CLANG_WARN_UNREACHABLE_CODE = YES;
				CLANG_WARN__DUPLICATE_METHOD_MATCH = YES;
				COPY_PHASE_STRIP = NO;
				DEBUG_INFORMATION_FORMAT = "dwarf-with-dsym";
				ENABLE_NS_ASSERTIONS = NO;
				ENABLE_STRICT_OBJC_MSGSEND = YES;
				GCC_C_LANGUAGE_STANDARD = gnu11;
				GCC_NO_COMMON_BLOCKS = YES;
				GCC_WARN_64_TO_32_BIT_CONVERSION = YES;
				GCC_WARN_ABOUT_RETURN_TYPE = YES_ERROR;
				GCC_WARN_UNDECLARED_SELECTOR = YES;
				GCC_WARN_UNINITIALIZED_AUTOS = YES_AGGRESSIVE;
				GCC_WARN_UNUSED_FUNCTION = YES;
				GCC_WARN_UNUSED_VARIABLE = YES;
				IPHONEOS_DEPLOYMENT_TARGET = 15.0;
				MTL_ENABLE_DEBUG_INFO = NO;
				MTL_FAST_MATH = YES;
				SDKROOT = iphoneos;
				SWIFT_COMPILATION_MODE = wholemodule;
				SWIFT_OPTIMIZATION_LEVEL = "-O";
				VALIDATE_PRODUCT = YES;
			};
			name = Release;
		};
		9E01337B2773BD8B00C5A816 /* Debug */ = {
			isa = XCBuildConfiguration;
			buildSettings = {
				ASSETCATALOG_COMPILER_APPICON_NAME = AppIcon;
				ASSETCATALOG_COMPILER_GLOBAL_ACCENT_COLOR_NAME = AccentColor;
				CODE_SIGN_STYLE = Automatic;
				CURRENT_PROJECT_VERSION = 1;
				GENERATE_INFOPLIST_FILE = YES;
				INFOPLIST_FILE = TrendyolClone/Info.plist;
				INFOPLIST_KEY_UIApplicationSupportsIndirectInputEvents = YES;
				INFOPLIST_KEY_UILaunchStoryboardName = LaunchScreen;
				INFOPLIST_KEY_UIMainStoryboardFile = Main;
				INFOPLIST_KEY_UISupportedInterfaceOrientations_iPad = "UIInterfaceOrientationPortrait UIInterfaceOrientationPortraitUpsideDown UIInterfaceOrientationLandscapeLeft UIInterfaceOrientationLandscapeRight";
				INFOPLIST_KEY_UISupportedInterfaceOrientations_iPhone = "UIInterfaceOrientationPortrait UIInterfaceOrientationLandscapeLeft UIInterfaceOrientationLandscapeRight";
				LD_RUNPATH_SEARCH_PATHS = (
					"$(inherited)",
					"@executable_path/Frameworks",
				);
				MARKETING_VERSION = 1.0;
				PRODUCT_BUNDLE_IDENTIFIER = dag.clone.TrendyolClone;
				PRODUCT_NAME = "$(TARGET_NAME)";
				SWIFT_EMIT_LOC_STRINGS = YES;
				SWIFT_VERSION = 5.0;
				TARGETED_DEVICE_FAMILY = "1,2";
			};
			name = Debug;
		};
		9E01337C2773BD8B00C5A816 /* Release */ = {
			isa = XCBuildConfiguration;
			buildSettings = {
				ASSETCATALOG_COMPILER_APPICON_NAME = AppIcon;
				ASSETCATALOG_COMPILER_GLOBAL_ACCENT_COLOR_NAME = AccentColor;
				CODE_SIGN_STYLE = Automatic;
				CURRENT_PROJECT_VERSION = 1;
				GENERATE_INFOPLIST_FILE = YES;
				INFOPLIST_FILE = TrendyolClone/Info.plist;
				INFOPLIST_KEY_UIApplicationSupportsIndirectInputEvents = YES;
				INFOPLIST_KEY_UILaunchStoryboardName = LaunchScreen;
				INFOPLIST_KEY_UIMainStoryboardFile = Main;
				INFOPLIST_KEY_UISupportedInterfaceOrientations_iPad = "UIInterfaceOrientationPortrait UIInterfaceOrientationPortraitUpsideDown UIInterfaceOrientationLandscapeLeft UIInterfaceOrientationLandscapeRight";
				INFOPLIST_KEY_UISupportedInterfaceOrientations_iPhone = "UIInterfaceOrientationPortrait UIInterfaceOrientationLandscapeLeft UIInterfaceOrientationLandscapeRight";
				LD_RUNPATH_SEARCH_PATHS = (
					"$(inherited)",
					"@executable_path/Frameworks",
				);
				MARKETING_VERSION = 1.0;
				PRODUCT_BUNDLE_IDENTIFIER = dag.clone.TrendyolClone;
				PRODUCT_NAME = "$(TARGET_NAME)";
				SWIFT_EMIT_LOC_STRINGS = YES;
				SWIFT_VERSION = 5.0;
				TARGETED_DEVICE_FAMILY = "1,2";
			};
			name = Release;
		};
		9E01337E2773BD8B00C5A816 /* Debug */ = {
			isa = XCBuildConfiguration;
			buildSettings = {
				ALWAYS_EMBED_SWIFT_STANDARD_LIBRARIES = YES;
				BUNDLE_LOADER = "$(TEST_HOST)";
				CODE_SIGN_STYLE = Automatic;
				CURRENT_PROJECT_VERSION = 1;
				GENERATE_INFOPLIST_FILE = YES;
				IPHONEOS_DEPLOYMENT_TARGET = 15.0;
				LD_RUNPATH_SEARCH_PATHS = (
					"$(inherited)",
					"@executable_path/Frameworks",
					"@loader_path/Frameworks",
				);
				MARKETING_VERSION = 1.0;
				PRODUCT_BUNDLE_IDENTIFIER = dag.clone.TrendyolCloneTests;
				PRODUCT_NAME = "$(TARGET_NAME)";
				SWIFT_EMIT_LOC_STRINGS = NO;
				SWIFT_VERSION = 5.0;
				TARGETED_DEVICE_FAMILY = "1,2";
				TEST_HOST = "$(BUILT_PRODUCTS_DIR)/TrendyolClone.app/TrendyolClone";
			};
			name = Debug;
		};
		9E01337F2773BD8B00C5A816 /* Release */ = {
			isa = XCBuildConfiguration;
			buildSettings = {
				ALWAYS_EMBED_SWIFT_STANDARD_LIBRARIES = YES;
				BUNDLE_LOADER = "$(TEST_HOST)";
				CODE_SIGN_STYLE = Automatic;
				CURRENT_PROJECT_VERSION = 1;
				GENERATE_INFOPLIST_FILE = YES;
				IPHONEOS_DEPLOYMENT_TARGET = 15.0;
				LD_RUNPATH_SEARCH_PATHS = (
					"$(inherited)",
					"@executable_path/Frameworks",
					"@loader_path/Frameworks",
				);
				MARKETING_VERSION = 1.0;
				PRODUCT_BUNDLE_IDENTIFIER = dag.clone.TrendyolCloneTests;
				PRODUCT_NAME = "$(TARGET_NAME)";
				SWIFT_EMIT_LOC_STRINGS = NO;
				SWIFT_VERSION = 5.0;
				TARGETED_DEVICE_FAMILY = "1,2";
				TEST_HOST = "$(BUILT_PRODUCTS_DIR)/TrendyolClone.app/TrendyolClone";
			};
			name = Release;
		};
		9E0133812773BD8B00C5A816 /* Debug */ = {
			isa = XCBuildConfiguration;
			buildSettings = {
				ALWAYS_EMBED_SWIFT_STANDARD_LIBRARIES = YES;
				CODE_SIGN_STYLE = Automatic;
				CURRENT_PROJECT_VERSION = 1;
				GENERATE_INFOPLIST_FILE = YES;
				LD_RUNPATH_SEARCH_PATHS = (
					"$(inherited)",
					"@executable_path/Frameworks",
					"@loader_path/Frameworks",
				);
				MARKETING_VERSION = 1.0;
				PRODUCT_BUNDLE_IDENTIFIER = dag.clone.TrendyolCloneUITests;
				PRODUCT_NAME = "$(TARGET_NAME)";
				SWIFT_EMIT_LOC_STRINGS = NO;
				SWIFT_VERSION = 5.0;
				TARGETED_DEVICE_FAMILY = "1,2";
				TEST_TARGET_NAME = TrendyolClone;
			};
			name = Debug;
		};
		9E0133822773BD8B00C5A816 /* Release */ = {
			isa = XCBuildConfiguration;
			buildSettings = {
				ALWAYS_EMBED_SWIFT_STANDARD_LIBRARIES = YES;
				CODE_SIGN_STYLE = Automatic;
				CURRENT_PROJECT_VERSION = 1;
				GENERATE_INFOPLIST_FILE = YES;
				LD_RUNPATH_SEARCH_PATHS = (
					"$(inherited)",
					"@executable_path/Frameworks",
					"@loader_path/Frameworks",
				);
				MARKETING_VERSION = 1.0;
				PRODUCT_BUNDLE_IDENTIFIER = dag.clone.TrendyolCloneUITests;
				PRODUCT_NAME = "$(TARGET_NAME)";
				SWIFT_EMIT_LOC_STRINGS = NO;
				SWIFT_VERSION = 5.0;
				TARGETED_DEVICE_FAMILY = "1,2";
				TEST_TARGET_NAME = TrendyolClone;
			};
			name = Release;
		};
/* End XCBuildConfiguration section */

/* Begin XCConfigurationList section */
		9E01334B2773BD8900C5A816 /* Build configuration list for PBXProject "TrendyolClone" */ = {
			isa = XCConfigurationList;
			buildConfigurations = (
				9E0133782773BD8B00C5A816 /* Debug */,
				9E0133792773BD8B00C5A816 /* Release */,
			);
			defaultConfigurationIsVisible = 0;
			defaultConfigurationName = Release;
		};
		9E01337A2773BD8B00C5A816 /* Build configuration list for PBXNativeTarget "TrendyolClone" */ = {
			isa = XCConfigurationList;
			buildConfigurations = (
				9E01337B2773BD8B00C5A816 /* Debug */,
				9E01337C2773BD8B00C5A816 /* Release */,
			);
			defaultConfigurationIsVisible = 0;
			defaultConfigurationName = Release;
		};
		9E01337D2773BD8B00C5A816 /* Build configuration list for PBXNativeTarget "TrendyolCloneTests" */ = {
			isa = XCConfigurationList;
			buildConfigurations = (
				9E01337E2773BD8B00C5A816 /* Debug */,
				9E01337F2773BD8B00C5A816 /* Release */,
			);
			defaultConfigurationIsVisible = 0;
			defaultConfigurationName = Release;
		};
		9E0133802773BD8B00C5A816 /* Build configuration list for PBXNativeTarget "TrendyolCloneUITests" */ = {
			isa = XCConfigurationList;
			buildConfigurations = (
				9E0133812773BD8B00C5A816 /* Debug */,
				9E0133822773BD8B00C5A816 /* Release */,
			);
			defaultConfigurationIsVisible = 0;
			defaultConfigurationName = Release;
		};
/* End XCConfigurationList section */
	};
	rootObject = 9E0133482773BD8900C5A816 /* Project object */;
}
